lockfile_version: '1'
generated_at: '2026-07-18T07:13:15.343274+00:00'
apm_version: 0.25.0
dependencies: []
deployments: []
mcp_servers:
- io.github.github/github-mcp-server
- io.github.zereight/gitlab-mcp
mcp_configs:
  io.github.github/github-mcp-server:
    name: io.github.github/github-mcp-server
  io.github.zereight/gitlab-mcp:
    name: io.github.zereight/gitlab-mcp
